
Microsoft Visual Studio Solution File, Format Version 12.00
# Visual Studio 15
VisualStudioVersion = 15.0.26430.13
MinimumVisualStudioVersion = 10.0.40219.1
Project("{2150E333-8FDC-42A3-9474-1A3956D46DE8}") = "02.Service Layer", "02.Service Layer", "{B80FAE45-3712-4920-BEC9-FAC9975B8DC6}"
EndProject
Project("{2150E333-8FDC-42A3-9474-1A3956D46DE8}") = "03.View Model", "03.View Model", "{E9C3F86B-D714-41E2-9FE4-2F329212E95B}"
EndProject
Project("{2150E333-8FDC-42A3-9474-1A3956D46DE8}") = "04.Ioc Config", "04.Ioc Config", "{2E8BCEB3-170B-481D-9E7A-B314343467BD}"
EndProject
Project("{2150E333-8FDC-42A3-9474-1A3956D46DE8}") = "05.Domain Layer", "05.Domain Layer", "{4A14C671-6445-4C8E-91F3-76A409CB088F}"
EndProject
Project("{2150E333-8FDC-42A3-9474-1A3956D46DE8}") = "06.Data Layer", "06.Data Layer", "{99C19D5A-2B75-4D89-90D1-531E62367B79}"
EndProject
Project("{FAE04EC0-301F-11D3-BF4B-00C04F79EFBC}") = "Aghsat.Domain", "05.Domain Layer\Aghsat.Domain\Aghsat.Domain.csproj", "{9381E835-3111-4787-B618-79C9BF2B453D}"
EndProject
Project("{FAE04EC0-301F-11D3-BF4B-00C04F79EFBC}") = "Aghsat.DataLayer", "06.Data Layer\Aghsat.DataLayer\Aghsat.DataLayer.csproj", "{75E9D776-4ADE-4C22-BE18-29C791AF4A0F}"
EndProject
Project("{FAE04EC0-301F-11D3-BF4B-00C04F79EFBC}") = "Aghsat.ServiceLayer", "02.Service Layer\Aghsat.ServiceLayer\Aghsat.ServiceLayer.csproj", "{7069828E-07D5-4124-89BB-8261FC7A668C}"
EndProject
Project("{FAE04EC0-301F-11D3-BF4B-00C04F79EFBC}") = "Aghsat.ViewModel", "03.View Model\Aghsat.ViewModel\Aghsat.ViewModel.csproj", "{A863E800-52C8-4369-9FCD-5CAAB660BAF5}"
EndProject
Project("{FAE04EC0-301F-11D3-BF4B-00C04F79EFBC}") = "Aghsat.Ioc", "04-Ioc Config\Aghsat.Ioc\Aghsat.Ioc\Aghsat.Ioc.csproj", "{36512DAD-D679-4405-B4B4-55D69BEB192F}"
EndProject
Project("{2150E333-8FDC-42A3-9474-1A3956D46DE8}") = "01.UI", "01.UI", "{925AA0AE-35BA-4990-A801-5244BD8BB7DD}"
EndProject
Project("{FAE04EC0-301F-11D3-BF4B-00C04F79EFBC}") = "Aghsat.UI", "01.UI\Aghsat.UI\Aghsat.UI.csproj", "{80A16BEF-473C-4D69-A7A2-37205D40178E}"
EndProject
Project("{FAE04EC0-301F-11D3-BF4B-00C04F79EFBC}") = "Resources", "Resources\Resources.csproj", "{33CE96F6-A939-4574-A05F-470080671071}"
EndProject
Global
	GlobalSection(SolutionConfigurationPlatforms) = preSolution
		Debug|Any CPU = Debug|Any CPU
		DebugLocal|Any CPU = DebugLocal|Any CPU
		Release|Any CPU = Release|Any CPU
	EndGlobalSection
	GlobalSection(ProjectConfigurationPlatforms) = postSolution
		{9381E835-3111-4787-B618-79C9BF2B453D}.Debug|Any CPU.ActiveCfg = Debug|Any CPU
		{9381E835-3111-4787-B618-79C9BF2B453D}.Debug|Any CPU.Build.0 = Debug|Any CPU
		{9381E835-3111-4787-B618-79C9BF2B453D}.DebugLocal|Any CPU.ActiveCfg = Debug|Any CPU
		{9381E835-3111-4787-B618-79C9BF2B453D}.DebugLocal|Any CPU.Build.0 = Debug|Any CPU
		{9381E835-3111-4787-B618-79C9BF2B453D}.Release|Any CPU.ActiveCfg = Release|Any CPU
		{9381E835-3111-4787-B618-79C9BF2B453D}.Release|Any CPU.Build.0 = Release|Any CPU
		{75E9D776-4ADE-4C22-BE18-29C791AF4A0F}.Debug|Any CPU.ActiveCfg = Debug|Any CPU
		{75E9D776-4ADE-4C22-BE18-29C791AF4A0F}.Debug|Any CPU.Build.0 = Debug|Any CPU
		{75E9D776-4ADE-4C22-BE18-29C791AF4A0F}.DebugLocal|Any CPU.ActiveCfg = Debug|Any CPU
		{75E9D776-4ADE-4C22-BE18-29C791AF4A0F}.DebugLocal|Any CPU.Build.0 = Debug|Any CPU
		{75E9D776-4ADE-4C22-BE18-29C791AF4A0F}.Release|Any CPU.ActiveCfg = Release|Any CPU
		{75E9D776-4ADE-4C22-BE18-29C791AF4A0F}.Release|Any CPU.Build.0 = Release|Any CPU
		{7069828E-07D5-4124-89BB-8261FC7A668C}.Debug|Any CPU.ActiveCfg = Debug|Any CPU
		{7069828E-07D5-4124-89BB-8261FC7A668C}.Debug|Any CPU.Build.0 = Debug|Any CPU
		{7069828E-07D5-4124-89BB-8261FC7A668C}.DebugLocal|Any CPU.ActiveCfg = Debug|Any CPU
		{7069828E-07D5-4124-89BB-8261FC7A668C}.DebugLocal|Any CPU.Build.0 = Debug|Any CPU
		{7069828E-07D5-4124-89BB-8261FC7A668C}.Release|Any CPU.ActiveCfg = Release|Any CPU
		{7069828E-07D5-4124-89BB-8261FC7A668C}.Release|Any CPU.Build.0 = Release|Any CPU
		{A863E800-52C8-4369-9FCD-5CAAB660BAF5}.Debug|Any CPU.ActiveCfg = Debug|Any CPU
		{A863E800-52C8-4369-9FCD-5CAAB660BAF5}.Debug|Any CPU.Build.0 = Debug|Any CPU
		{A863E800-52C8-4369-9FCD-5CAAB660BAF5}.DebugLocal|Any CPU.ActiveCfg = Debug|Any CPU
		{A863E800-52C8-4369-9FCD-5CAAB660BAF5}.DebugLocal|Any CPU.Build.0 = Debug|Any CPU
		{A863E800-52C8-4369-9FCD-5CAAB660BAF5}.Release|Any CPU.ActiveCfg = Release|Any CPU
		{A863E800-52C8-4369-9FCD-5CAAB660BAF5}.Release|Any CPU.Build.0 = Release|Any CPU
		{36512DAD-D679-4405-B4B4-55D69BEB192F}.Debug|Any CPU.ActiveCfg = Debug|Any CPU
		{36512DAD-D679-4405-B4B4-55D69BEB192F}.Debug|Any CPU.Build.0 = Debug|Any CPU
		{36512DAD-D679-4405-B4B4-55D69BEB192F}.DebugLocal|Any CPU.ActiveCfg = Debug|Any CPU
		{36512DAD-D679-4405-B4B4-55D69BEB192F}.DebugLocal|Any CPU.Build.0 = Debug|Any CPU
		{36512DAD-D679-4405-B4B4-55D69BEB192F}.Release|Any CPU.ActiveCfg = Release|Any CPU
		{36512DAD-D679-4405-B4B4-55D69BEB192F}.Release|Any CPU.Build.0 = Release|Any CPU
		{80A16BEF-473C-4D69-A7A2-37205D40178E}.Debug|Any CPU.ActiveCfg = Debug|Any CPU
		{80A16BEF-473C-4D69-A7A2-37205D40178E}.Debug|Any CPU.Build.0 = Debug|Any CPU
		{80A16BEF-473C-4D69-A7A2-37205D40178E}.DebugLocal|Any CPU.ActiveCfg = Debug|Any CPU
		{80A16BEF-473C-4D69-A7A2-37205D40178E}.DebugLocal|Any CPU.Build.0 = Debug|Any CPU
		{80A16BEF-473C-4D69-A7A2-37205D40178E}.Release|Any CPU.ActiveCfg = Release|Any CPU
		{80A16BEF-473C-4D69-A7A2-37205D40178E}.Release|Any CPU.Build.0 = Release|Any CPU
		{33CE96F6-A939-4574-A05F-470080671071}.Debug|Any CPU.ActiveCfg = Debug|Any CPU
		{33CE96F6-A939-4574-A05F-470080671071}.Debug|Any CPU.Build.0 = Debug|Any CPU
		{33CE96F6-A939-4574-A05F-470080671071}.DebugLocal|Any CPU.ActiveCfg = Debug|Any CPU
		{33CE96F6-A939-4574-A05F-470080671071}.DebugLocal|Any CPU.Build.0 = Debug|Any CPU
		{33CE96F6-A939-4574-A05F-470080671071}.Release|Any CPU.ActiveCfg = Release|Any CPU
		{33CE96F6-A939-4574-A05F-470080671071}.Release|Any CPU.Build.0 = Release|Any CPU
	EndGlobalSection
	GlobalSection(SolutionProperties) = preSolution
		HideSolutionNode = FALSE
	EndGlobalSection
	GlobalSection(NestedProjects) = preSolution
		{9381E835-3111-4787-B618-79C9BF2B453D} = {4A14C671-6445-4C8E-91F3-76A409CB088F}
		{75E9D776-4ADE-4C22-BE18-29C791AF4A0F} = {99C19D5A-2B75-4D89-90D1-531E62367B79}
		{7069828E-07D5-4124-89BB-8261FC7A668C} = {B80FAE45-3712-4920-BEC9-FAC9975B8DC6}
		{A863E800-52C8-4369-9FCD-5CAAB660BAF5} = {E9C3F86B-D714-41E2-9FE4-2F329212E95B}
		{36512DAD-D679-4405-B4B4-55D69BEB192F} = {2E8BCEB3-170B-481D-9E7A-B314343467BD}
		{80A16BEF-473C-4D69-A7A2-37205D40178E} = {925AA0AE-35BA-4990-A801-5244BD8BB7DD}
		{33CE96F6-A939-4574-A05F-470080671071} = {925AA0AE-35BA-4990-A801-5244BD8BB7DD}
	EndGlobalSection
	GlobalSection(ExtensibilityGlobals) = postSolution
		SolutionGuid = {EEE8D8B0-96A5-4E86-A22B-346F0BE418A1}
	EndGlobalSection
EndGlobal
